
Microsoft Visual Studio Solution File, Format Version 12.00
# Visual Studio Version 16
VisualStudioVersion = 16.0.33927.289
MinimumVisualStudioVersion = 10.0.40219.1
Project("{FAE04EC0-301F-11D3-BF4B-00C04F79EFBC}") = "VoAnhVu_DuAn2", "VoAnhVu_DuAn2\VoAnhVu_DuAn2.csproj", "{099ED86F-531F-416A-B687-1DB138DA78A5}"
EndProject
Global
	GlobalSection(SolutionConfigurationPlatforms) = preSolution
		Debug|Any CPU = Debug|Any CPU
		Release|Any CPU = Release|Any CPU
	EndGlobalSection
	GlobalSection(ProjectConfigurationPlatforms) = postSolution
		{099ED86F-531F-416A-B687-1DB138DA78A5}.Debug|Any CPU.ActiveCfg = Debug|Any CPU
		{099ED86F-531F-416A-B687-1DB138DA78A5}.Debug|Any CPU.Build.0 = Debug|Any CPU
		{099ED86F-531F-416A-B687-1DB138DA78A5}.Release|Any CPU.ActiveCfg = Release|Any CPU
		{099ED86F-531F-416A-B687-1DB138DA78A5}.Release|Any CPU.Build.0 = Release|Any CPU
	EndGlobalSection
	GlobalSection(SolutionProperties) = preSolution
		HideSolutionNode = FALSE
	EndGlobalSection
	GlobalSection(ExtensibilityGlobals) = postSolution
		SolutionGuid = {8EEEC7B2-8088-4F2D-937C-9F2B41DBD998}
	EndGlobalSection
EndGlobal
